
Microsoft Visual Studio Solution File, Format Version 12.00
# Visual Studio Version 17
VisualStudioVersion = 17.14.36804.6 d17.14
MinimumVisualStudioVersion = 10.0.40219.1
Project("{FAE04EC0-301F-11D3-BF4B-00C04F79EFBC}") = "Demo_Garbage_Collector", "Demo_Garbage_Collector\Demo_Garbage_Collector.csproj", "{8117CAD9-CD4C-4F60-97D2-AFA15099A3ED}"
EndProject
Project("{FAE04EC0-301F-11D3-BF4B-00C04F79EFBC}") = "Demo_Thread", "Demo_Thread\Demo_Thread.csproj", "{E6C2312E-4B46-499E-9293-0398E17CACEB}"
EndProject
Global
	GlobalSection(SolutionConfigurationPlatforms) = preSolution
		Debug|Any CPU = Debug|Any CPU
		Release|Any CPU = Release|Any CPU
	EndGlobalSection
	GlobalSection(ProjectConfigurationPlatforms) = postSolution
		{8117CAD9-CD4C-4F60-97D2-AFA15099A3ED}.Debug|Any CPU.ActiveCfg = Debug|Any CPU
		{8117CAD9-CD4C-4F60-97D2-AFA15099A3ED}.Debug|Any CPU.Build.0 = Debug|Any CPU
		{8117CAD9-CD4C-4F60-97D2-AFA15099A3ED}.Release|Any CPU.ActiveCfg = Release|Any CPU
		{8117CAD9-CD4C-4F60-97D2-AFA15099A3ED}.Release|Any CPU.Build.0 = Release|Any CPU
		{E6C2312E-4B46-499E-9293-0398E17CACEB}.Debug|Any CPU.ActiveCfg = Debug|Any CPU
		{E6C2312E-4B46-499E-9293-0398E17CACEB}.Debug|Any CPU.Build.0 = Debug|Any CPU
		{E6C2312E-4B46-499E-9293-0398E17CACEB}.Release|Any CPU.ActiveCfg = Release|Any CPU
		{E6C2312E-4B46-499E-9293-0398E17CACEB}.Release|Any CPU.Build.0 = Release|Any CPU
	EndGlobalSection
	GlobalSection(SolutionProperties) = preSolution
		HideSolutionNode = FALSE
	EndGlobalSection
	GlobalSection(ExtensibilityGlobals) = postSolution
		SolutionGuid = {1DC73E97-EBAA-4C1D-A797-F8335387134F}
	EndGlobalSection
EndGlobal
