
Microsoft Visual Studio Solution File, Format Version 12.00
# Visual Studio Version 17
VisualStudioVersion = 17.14.36804.6 d17.14
MinimumVisualStudioVersion = 10.0.40219.1
Project("{FAE04EC0-301F-11D3-BF4B-00C04F79EFBC}") = "Observer_Pattern", "Observer_Pattern\Observer_Pattern.csproj", "{AFD4A21C-6450-445A-9E0D-4EAA30E5BB8B}"
EndProject
Project("{FAE04EC0-301F-11D3-BF4B-00C04F79EFBC}") = "Demo_Generic_Collection", "Demo_Generic_Collection\Demo_Generic_Collection.csproj", "{BB9C3652-EF29-43AA-B7CA-8F5278DD8AB7}"
EndProject
Project("{FAE04EC0-301F-11D3-BF4B-00C04F79EFBC}") = "Demo_Generic_Delegate", "Demo_Generic_Delegate\Demo_Generic_Delegate.csproj", "{858D6FC7-0D39-416D-A04B-C1C8E7944395}"
EndProject
Global
	GlobalSection(SolutionConfigurationPlatforms) = preSolution
		Debug|Any CPU = Debug|Any CPU
		Release|Any CPU = Release|Any CPU
	EndGlobalSection
	GlobalSection(ProjectConfigurationPlatforms) = postSolution
		{AFD4A21C-6450-445A-9E0D-4EAA30E5BB8B}.Debug|Any CPU.ActiveCfg = Debug|Any CPU
		{AFD4A21C-6450-445A-9E0D-4EAA30E5BB8B}.Debug|Any CPU.Build.0 = Debug|Any CPU
		{AFD4A21C-6450-445A-9E0D-4EAA30E5BB8B}.Release|Any CPU.ActiveCfg = Release|Any CPU
		{AFD4A21C-6450-445A-9E0D-4EAA30E5BB8B}.Release|Any CPU.Build.0 = Release|Any CPU
		{BB9C3652-EF29-43AA-B7CA-8F5278DD8AB7}.Debug|Any CPU.ActiveCfg = Debug|Any CPU
		{BB9C3652-EF29-43AA-B7CA-8F5278DD8AB7}.Debug|Any CPU.Build.0 = Debug|Any CPU
		{BB9C3652-EF29-43AA-B7CA-8F5278DD8AB7}.Release|Any CPU.ActiveCfg = Release|Any CPU
		{BB9C3652-EF29-43AA-B7CA-8F5278DD8AB7}.Release|Any CPU.Build.0 = Release|Any CPU
		{858D6FC7-0D39-416D-A04B-C1C8E7944395}.Debug|Any CPU.ActiveCfg = Debug|Any CPU
		{858D6FC7-0D39-416D-A04B-C1C8E7944395}.Debug|Any CPU.Build.0 = Debug|Any CPU
		{858D6FC7-0D39-416D-A04B-C1C8E7944395}.Release|Any CPU.ActiveCfg = Release|Any CPU
		{858D6FC7-0D39-416D-A04B-C1C8E7944395}.Release|Any CPU.Build.0 = Release|Any CPU
	EndGlobalSection
	GlobalSection(SolutionProperties) = preSolution
		HideSolutionNode = FALSE
	EndGlobalSection
	GlobalSection(ExtensibilityGlobals) = postSolution
		SolutionGuid = {C7F5A6FC-5CEB-4BAC-990B-550D23597602}
	EndGlobalSection
EndGlobal
